
Microsoft Visual Studio Solution File, Format Version 12.00
# Visual Studio 14
VisualStudioVersion = 14.0.24720.0
MinimumVisualStudioVersion = 10.0.40219.1
Project("{FAE04EC0-301F-11D3-BF4B-00C04F79EFBC}") = "CSharpCourseLecture74", "CSharpCourseLecture74\CSharpCourseLecture74.csproj", "{A3642810-431C-4ACE-AA8F-4310350A8EAE}"
EndProject
Project("{FAE04EC0-301F-11D3-BF4B-00C04F79EFBC}") = "ComputingServices", "ComputingServices\ComputingServices.csproj", "{732A3C7E-81DD-484D-8243-4680072A8C92}"
EndProject
Global
	GlobalSection(SolutionConfigurationPlatforms) = preSolution
		Debug|Any CPU = Debug|Any CPU
		Release|Any CPU = Release|Any CPU
	EndGlobalSection
	GlobalSection(ProjectConfigurationPlatforms) = postSolution
		{A3642810-431C-4ACE-AA8F-4310350A8EAE}.Debug|Any CPU.ActiveCfg = Debug|Any CPU
		{A3642810-431C-4ACE-AA8F-4310350A8EAE}.Debug|Any CPU.Build.0 = Debug|Any CPU
		{A3642810-431C-4ACE-AA8F-4310350A8EAE}.Release|Any CPU.ActiveCfg = Release|Any CPU
		{A3642810-431C-4ACE-AA8F-4310350A8EAE}.Release|Any CPU.Build.0 = Release|Any CPU
		{732A3C7E-81DD-484D-8243-4680072A8C92}.Debug|Any CPU.ActiveCfg = Debug|Any CPU
		{732A3C7E-81DD-484D-8243-4680072A8C92}.Debug|Any CPU.Build.0 = Debug|Any CPU
		{732A3C7E-81DD-484D-8243-4680072A8C92}.Release|Any CPU.ActiveCfg = Release|Any CPU
		{732A3C7E-81DD-484D-8243-4680072A8C92}.Release|Any CPU.Build.0 = Release|Any CPU
	EndGlobalSection
	GlobalSection(SolutionProperties) = preSolution
		HideSolutionNode = FALSE
	EndGlobalSection
EndGlobal
